{
  "requires": true,
  "lockfileVersion": 1,
  "dependencies": {
    "eslint-plugin-googleappsscript": {
      "version": "1.0.1",
      "resolved": "https://registry.npmjs.org/eslint-plugin-googleappsscript/-/eslint-plugin-googleappsscript-1.0.1.tgz",
      "integrity": "sha512-h4OOw7jfyOWFj3jfqTRvJXV3krR5g+9qL5e20Kd7r+m2vQIsex7q/Vh0sZwNMrDfTbGRtYmlw4QsGamMENetog==",
      "dev": true,
      "requires": {
        "requireindex": "1.1.0"
      }
    },
    "requireindex": {
      "version": "1.1.0",
      "resolved": "https://registry.npmjs.org/requireindex/-/requireindex-1.1.0.tgz",
      "integrity": "sha1-5UBLgVV+91225JxacgBIk/4D4WI=",
      "dev": true
    }
  }
}
